
Microsoft Visual Studio Solution File, Format Version 12.00
# Visual Studio Version 16
VisualStudioVersion = 16.0.29613.14
MinimumVisualStudioVersion = 10.0.40219.1
Project("{FAE04EC0-301F-11D3-BF4B-00C04F79EFBC}") = "SunFramework.DataAccess", "SunFramework.EntityFramework\SunFramework.DataAccess.csproj", "{57DFF6C0-B968-4A2D-B1D3-3DF387F219D7}"
EndProject
Project("{FAE04EC0-301F-11D3-BF4B-00C04F79EFBC}") = "SunFramework.Interface", "SunFramework.Interface\SunFramework.Interface.csproj", "{5F6B0A40-6D59-404B-BF03-ED53471E7D62}"
EndProject
Project("{FAE04EC0-301F-11D3-BF4B-00C04F79EFBC}") = "SunFramework.Manager", "SunFramework.Manager\SunFramework.Manager.csproj", "{1F51B6E9-C614-482C-9864-CB4FA4505D5F}"
EndProject
Project("{FAE04EC0-301F-11D3-BF4B-00C04F79EFBC}") = "SunFramework.Repository", "SunFramework.Repository\SunFramework.Repository.csproj", "{A539FE17-BCA4-4BCE-9876-E447C817BFAB}"
EndProject
Project("{FAE04EC0-301F-11D3-BF4B-00C04F79EFBC}") = "SunFramework.Core", "SunFramework.Core\SunFramework.Core.csproj", "{22C2220D-99DC-4588-9766-6822BAAD3572}"
EndProject
Project("{FAE04EC0-301F-11D3-BF4B-00C04F79EFBC}") = "SumFramework.LogManager", "SumFramework.LogManager\SumFramework.LogManager.csproj", "{7ED8C84E-6792-40C6-8031-C5875EB2E500}"
EndProject
Project("{FAE04EC0-301F-11D3-BF4B-00C04F79EFBC}") = "SumFramework.Cache", "SumFramework.CacheManager\SumFramework.Cache.csproj", "{6D2948AB-A316-466F-ADB0-FF33DC0710EB}"
EndProject
Project("{2150E333-8FDC-42A3-9474-1A3956D46DE8}") = "Sun.Framework", "Sun.Framework", "{FDE4EFD9-A6E3-435D-80AA-803AE4E612DE}"
EndProject
Project("{2150E333-8FDC-42A3-9474-1A3956D46DE8}") = "Projects", "Projects", "{5D80C05C-765E-4B9A-9920-0B58336302CC}"
EndProject
Project("{FAE04EC0-301F-11D3-BF4B-00C04F79EFBC}") = "SunFramework.Services", "SunFramework.Services\SunFramework.Services.csproj", "{1F2FB444-FF11-4AF8-ACEF-7562DFCE60CE}"
EndProject
Project("{FAE04EC0-301F-11D3-BF4B-00C04F79EFBC}") = "SunFramework.IdentityService", "SunFramework.IdentityService\SunFramework.IdentityService.csproj", "{4146785F-C621-4666-8BF7-B48E800317D9}"
EndProject
Project("{2150E333-8FDC-42A3-9474-1A3956D46DE8}") = "Sun.Services", "Sun.Services", "{344AD5FE-1B34-4585-B796-CDA9F7A40537}"
EndProject
Project("{2150E333-8FDC-42A3-9474-1A3956D46DE8}") = "Product", "Product", "{17CAA7F9-C8E5-4597-B620-0A19A2D4E6A5}"
EndProject
Project("{FAE04EC0-301F-11D3-BF4B-00C04F79EFBC}") = "Product.DataAccess", "Product.EntityFramework\Product.DataAccess.csproj", "{D8AA70B4-F471-47C4-8264-A2E4B19B5C28}"
EndProject
Project("{FAE04EC0-301F-11D3-BF4B-00C04F79EFBC}") = "Product.Repository", "Product.Repository\Product.Repository.csproj", "{8FDE157F-6241-4712-84AA-F0DA9C721246}"
EndProject
Project("{FAE04EC0-301F-11D3-BF4B-00C04F79EFBC}") = "Product.Manager", "Product.Manager\Product.Manager.csproj", "{FB38E396-9C2B-41E8-95AE-4F6DC34A7E75}"
EndProject
Project("{FAE04EC0-301F-11D3-BF4B-00C04F79EFBC}") = "Product.UnitOfWork", "Product.UnitOfWork\Product.UnitOfWork.csproj", "{F08600C3-8B5C-4C00-A221-B11FA7711BDA}"
EndProject
Project("{F184B08F-C81C-45F6-A57F-5ABD9991F28F}") = "Product.Service", "Product.Service\Product.Service.vbproj", "{06207EB0-405F-4447-B6D4-20569D0873CA}"
EndProject
Project("{FAE04EC0-301F-11D3-BF4B-00C04F79EFBC}") = "SunFramework.Abstract", "SunFramework.Abstract\SunFramework.Abstract.csproj", "{57700BDD-87F1-4706-903C-E68F904F9E4D}"
EndProject
Project("{2150E333-8FDC-42A3-9474-1A3956D46DE8}") = "Test", "Test", "{5EE32D88-B8C7-4110-BAE0-96F0D4A6430D}"
EndProject
Project("{FAE04EC0-301F-11D3-BF4B-00C04F79EFBC}") = "Test", "Test\Test.csproj", "{EC51DBF9-34E0-42F1-BF20-6D676FD80644}"
EndProject
Project("{FAE04EC0-301F-11D3-BF4B-00C04F79EFBC}") = "TestConsole", "TestConsole\TestConsole.csproj", "{BF2BA12B-4AE4-4DE2-99B7-7B3F269C2D08}"
EndProject
Project("{2150E333-8FDC-42A3-9474-1A3956D46DE8}") = "Aspect", "Aspect", "{81CE435C-E0DA-4CA1-AB8B-C24B291BFCDB}"
EndProject
Project("{9A19103F-16F7-4668-BE54-9A1E7A4F7556}") = "AspectCore.Abstractions", "SunFramework.Aspect\Aspect.Abstractions\AspectCore.Abstractions.csproj", "{3BDF2E68-928F-40F5-A107-11081A9ACD32}"
EndProject
Project("{9A19103F-16F7-4668-BE54-9A1E7A4F7556}") = "AspectCore.Core", "SunFramework.Aspect\Aspect.Core\AspectCore.Core.csproj", "{6057E77A-E625-41B2-B78D-C639AA3D8220}"
EndProject
Project("{9A19103F-16F7-4668-BE54-9A1E7A4F7556}") = "AspectCore.Extensions.AspectScope", "SunFramework.Aspect\Aspect.Extensions.AspectScope\AspectCore.Extensions.AspectScope.csproj", "{B65DE50C-9555-42C9-8550-7D3BF071496B}"
EndProject
Project("{9A19103F-16F7-4668-BE54-9A1E7A4F7556}") = "AspectCore.Extensions.AspNetCore", "SunFramework.Aspect\Aspect.Extensions.AspNetCore\AspectCore.Extensions.AspNetCore.csproj", "{446677C6-C422-42F6-8A5F-943D6F867EB8}"
EndProject
Project("{9A19103F-16F7-4668-BE54-9A1E7A4F7556}") = "AspectCore.Extensions.Autofac", "SunFramework.Aspect\Aspect.Extensions.Autofac\AspectCore.Extensions.Autofac.csproj", "{62966E6F-6639-49CD-A7E0-B68DF2C2B034}"
EndProject
Project("{9A19103F-16F7-4668-BE54-9A1E7A4F7556}") = "AspectCore.Extensions.Configuration", "SunFramework.Aspect\Aspect.Extensions.Configuration\AspectCore.Extensions.Configuration.csproj", "{5D38FE70-E90A-4D0F-A635-D25FB11D5189}"
EndProject
Project("{9A19103F-16F7-4668-BE54-9A1E7A4F7556}") = "AspectCore.Extensions.DataAnnotations", "SunFramework.Aspect\Aspect.Extensions.DataAnnotations\AspectCore.Extensions.DataAnnotations.csproj", "{5766B529-480B-455F-B499-38A5034129A9}"
EndProject
Project("{9A19103F-16F7-4668-BE54-9A1E7A4F7556}") = "AspectCore.Extensions.DataValidation", "SunFramework.Aspect\Aspect.Extensions.DataValidation\AspectCore.Extensions.DataValidation.csproj", "{DA8B1119-9DEC-491C-B929-AE692BBBDB45}"
EndProject
Project("{9A19103F-16F7-4668-BE54-9A1E7A4F7556}") = "AspectCore.Extensions.DependencyInjection", "SunFramework.Aspect\Aspect.Extensions.DependencyInjection\AspectCore.Extensions.DependencyInjection.csproj", "{62C269AD-646B-4C9D-A9B2-3DBAF8C499B4}"
EndProject
Project("{9A19103F-16F7-4668-BE54-9A1E7A4F7556}") = "AspectCore.Extensions.Hosting", "SunFramework.Aspect\Aspect.Extensions.Hosting\AspectCore.Extensions.Hosting.csproj", "{715396F0-84B4-4410-94C2-74F5CEDB4EA3}"
EndProject
Project("{9A19103F-16F7-4668-BE54-9A1E7A4F7556}") = "AspectCore.Extensions.LightInject", "SunFramework.Aspect\Aspect.Extensions.LightInject\AspectCore.Extensions.LightInject.csproj", "{25F3D9E1-B5BD-4A6F-AA55-41FBC55484D2}"
EndProject
Project("{9A19103F-16F7-4668-BE54-9A1E7A4F7556}") = "AspectCore.Extensions.Reflection", "SunFramework.Aspect\Aspect.Extensions.Reflection\AspectCore.Extensions.Reflection.csproj", "{89E9DC45-4DC1-4C64-8629-8617DC1021C8}"
EndProject
Project("{9A19103F-16F7-4668-BE54-9A1E7A4F7556}") = "AspectCore.Extensions.Windsor", "SunFramework.Aspect\Aspect.Extensions.Windsor\AspectCore.Extensions.Windsor.csproj", "{5FD169E2-6655-45C5-BF0D-BF5A2592E008}"
EndProject
Global
	GlobalSection(SolutionConfigurationPlatforms) = preSolution
		Debug|Any CPU = Debug|Any CPU
		Release|Any CPU = Release|Any CPU
	EndGlobalSection
	GlobalSection(ProjectConfigurationPlatforms) = postSolution
		{57DFF6C0-B968-4A2D-B1D3-3DF387F219D7}.Debug|Any CPU.ActiveCfg = Debug|Any CPU
		{57DFF6C0-B968-4A2D-B1D3-3DF387F219D7}.Debug|Any CPU.Build.0 = Debug|Any CPU
		{57DFF6C0-B968-4A2D-B1D3-3DF387F219D7}.Release|Any CPU.ActiveCfg = Release|Any CPU
		{57DFF6C0-B968-4A2D-B1D3-3DF387F219D7}.Release|Any CPU.Build.0 = Release|Any CPU
		{5F6B0A40-6D59-404B-BF03-ED53471E7D62}.Debug|Any CPU.ActiveCfg = Debug|Any CPU
		{5F6B0A40-6D59-404B-BF03-ED53471E7D62}.Debug|Any CPU.Build.0 = Debug|Any CPU
		{5F6B0A40-6D59-404B-BF03-ED53471E7D62}.Release|Any CPU.ActiveCfg = Release|Any CPU
		{5F6B0A40-6D59-404B-BF03-ED53471E7D62}.Release|Any CPU.Build.0 = Release|Any CPU
		{1F51B6E9-C614-482C-9864-CB4FA4505D5F}.Debug|Any CPU.ActiveCfg = Debug|Any CPU
		{1F51B6E9-C614-482C-9864-CB4FA4505D5F}.Debug|Any CPU.Build.0 = Debug|Any CPU
		{1F51B6E9-C614-482C-9864-CB4FA4505D5F}.Release|Any CPU.ActiveCfg = Release|Any CPU
		{1F51B6E9-C614-482C-9864-CB4FA4505D5F}.Release|Any CPU.Build.0 = Release|Any CPU
		{A539FE17-BCA4-4BCE-9876-E447C817BFAB}.Debug|Any CPU.ActiveCfg = Debug|Any CPU
		{A539FE17-BCA4-4BCE-9876-E447C817BFAB}.Debug|Any CPU.Build.0 = Debug|Any CPU
		{A539FE17-BCA4-4BCE-9876-E447C817BFAB}.Release|Any CPU.ActiveCfg = Release|Any CPU
		{A539FE17-BCA4-4BCE-9876-E447C817BFAB}.Release|Any CPU.Build.0 = Release|Any CPU
		{22C2220D-99DC-4588-9766-6822BAAD3572}.Debug|Any CPU.ActiveCfg = Debug|Any CPU
		{22C2220D-99DC-4588-9766-6822BAAD3572}.Debug|Any CPU.Build.0 = Debug|Any CPU
		{22C2220D-99DC-4588-9766-6822BAAD3572}.Release|Any CPU.ActiveCfg = Release|Any CPU
		{22C2220D-99DC-4588-9766-6822BAAD3572}.Release|Any CPU.Build.0 = Release|Any CPU
		{7ED8C84E-6792-40C6-8031-C5875EB2E500}.Debug|Any CPU.ActiveCfg = Debug|Any CPU
		{7ED8C84E-6792-40C6-8031-C5875EB2E500}.Debug|Any CPU.Build.0 = Debug|Any CPU
		{7ED8C84E-6792-40C6-8031-C5875EB2E500}.Release|Any CPU.ActiveCfg = Release|Any CPU
		{7ED8C84E-6792-40C6-8031-C5875EB2E500}.Release|Any CPU.Build.0 = Release|Any CPU
		{6D2948AB-A316-466F-ADB0-FF33DC0710EB}.Debug|Any CPU.ActiveCfg = Debug|Any CPU
		{6D2948AB-A316-466F-ADB0-FF33DC0710EB}.Debug|Any CPU.Build.0 = Debug|Any CPU
		{6D2948AB-A316-466F-ADB0-FF33DC0710EB}.Release|Any CPU.ActiveCfg = Release|Any CPU
		{6D2948AB-A316-466F-ADB0-FF33DC0710EB}.Release|Any CPU.Build.0 = Release|Any CPU
		{1F2FB444-FF11-4AF8-ACEF-7562DFCE60CE}.Debug|Any CPU.ActiveCfg = Debug|Any CPU
		{1F2FB444-FF11-4AF8-ACEF-7562DFCE60CE}.Debug|Any CPU.Build.0 = Debug|Any CPU
		{1F2FB444-FF11-4AF8-ACEF-7562DFCE60CE}.Release|Any CPU.ActiveCfg = Release|Any CPU
		{1F2FB444-FF11-4AF8-ACEF-7562DFCE60CE}.Release|Any CPU.Build.0 = Release|Any CPU
		{4146785F-C621-4666-8BF7-B48E800317D9}.Debug|Any CPU.ActiveCfg = Debug|Any CPU
		{4146785F-C621-4666-8BF7-B48E800317D9}.Debug|Any CPU.Build.0 = Debug|Any CPU
		{4146785F-C621-4666-8BF7-B48E800317D9}.Release|Any CPU.ActiveCfg = Release|Any CPU
		{4146785F-C621-4666-8BF7-B48E800317D9}.Release|Any CPU.Build.0 = Release|Any CPU
		{D8AA70B4-F471-47C4-8264-A2E4B19B5C28}.Debug|Any CPU.ActiveCfg = Debug|Any CPU
		{D8AA70B4-F471-47C4-8264-A2E4B19B5C28}.Debug|Any CPU.Build.0 = Debug|Any CPU
		{D8AA70B4-F471-47C4-8264-A2E4B19B5C28}.Release|Any CPU.ActiveCfg = Release|Any CPU
		{D8AA70B4-F471-47C4-8264-A2E4B19B5C28}.Release|Any CPU.Build.0 = Release|Any CPU
		{8FDE157F-6241-4712-84AA-F0DA9C721246}.Debug|Any CPU.ActiveCfg = Debug|Any CPU
		{8FDE157F-6241-4712-84AA-F0DA9C721246}.Debug|Any CPU.Build.0 = Debug|Any CPU
		{8FDE157F-6241-4712-84AA-F0DA9C721246}.Release|Any CPU.ActiveCfg = Release|Any CPU
		{8FDE157F-6241-4712-84AA-F0DA9C721246}.Release|Any CPU.Build.0 = Release|Any CPU
		{FB38E396-9C2B-41E8-95AE-4F6DC34A7E75}.Debug|Any CPU.ActiveCfg = Debug|Any CPU
		{FB38E396-9C2B-41E8-95AE-4F6DC34A7E75}.Debug|Any CPU.Build.0 = Debug|Any CPU
		{FB38E396-9C2B-41E8-95AE-4F6DC34A7E75}.Release|Any CPU.ActiveCfg = Release|Any CPU
		{FB38E396-9C2B-41E8-95AE-4F6DC34A7E75}.Release|Any CPU.Build.0 = Release|Any CPU
		{F08600C3-8B5C-4C00-A221-B11FA7711BDA}.Debug|Any CPU.ActiveCfg = Debug|Any CPU
		{F08600C3-8B5C-4C00-A221-B11FA7711BDA}.Debug|Any CPU.Build.0 = Debug|Any CPU
		{F08600C3-8B5C-4C00-A221-B11FA7711BDA}.Release|Any CPU.ActiveCfg = Release|Any CPU
		{F08600C3-8B5C-4C00-A221-B11FA7711BDA}.Release|Any CPU.Build.0 = Release|Any CPU
		{06207EB0-405F-4447-B6D4-20569D0873CA}.Debug|Any CPU.ActiveCfg = Debug|Any CPU
		{06207EB0-405F-4447-B6D4-20569D0873CA}.Debug|Any CPU.Build.0 = Debug|Any CPU
		{06207EB0-405F-4447-B6D4-20569D0873CA}.Release|Any CPU.ActiveCfg = Release|Any CPU
		{06207EB0-405F-4447-B6D4-20569D0873CA}.Release|Any CPU.Build.0 = Release|Any CPU
		{57700BDD-87F1-4706-903C-E68F904F9E4D}.Debug|Any CPU.ActiveCfg = Debug|Any CPU
		{57700BDD-87F1-4706-903C-E68F904F9E4D}.Debug|Any CPU.Build.0 = Debug|Any CPU
		{57700BDD-87F1-4706-903C-E68F904F9E4D}.Release|Any CPU.ActiveCfg = Release|Any CPU
		{57700BDD-87F1-4706-903C-E68F904F9E4D}.Release|Any CPU.Build.0 = Release|Any CPU
		{EC51DBF9-34E0-42F1-BF20-6D676FD80644}.Debug|Any CPU.ActiveCfg = Debug|Any CPU
		{EC51DBF9-34E0-42F1-BF20-6D676FD80644}.Debug|Any CPU.Build.0 = Debug|Any CPU
		{EC51DBF9-34E0-42F1-BF20-6D676FD80644}.Release|Any CPU.ActiveCfg = Release|Any CPU
		{EC51DBF9-34E0-42F1-BF20-6D676FD80644}.Release|Any CPU.Build.0 = Release|Any CPU
		{BF2BA12B-4AE4-4DE2-99B7-7B3F269C2D08}.Debug|Any CPU.ActiveCfg = Debug|Any CPU
		{BF2BA12B-4AE4-4DE2-99B7-7B3F269C2D08}.Debug|Any CPU.Build.0 = Debug|Any CPU
		{BF2BA12B-4AE4-4DE2-99B7-7B3F269C2D08}.Release|Any CPU.ActiveCfg = Release|Any CPU
		{BF2BA12B-4AE4-4DE2-99B7-7B3F269C2D08}.Release|Any CPU.Build.0 = Release|Any CPU
		{3BDF2E68-928F-40F5-A107-11081A9ACD32}.Debug|Any CPU.ActiveCfg = Debug|Any CPU
		{3BDF2E68-928F-40F5-A107-11081A9ACD32}.Debug|Any CPU.Build.0 = Debug|Any CPU
		{3BDF2E68-928F-40F5-A107-11081A9ACD32}.Release|Any CPU.ActiveCfg = Release|Any CPU
		{3BDF2E68-928F-40F5-A107-11081A9ACD32}.Release|Any CPU.Build.0 = Release|Any CPU
		{6057E77A-E625-41B2-B78D-C639AA3D8220}.Debug|Any CPU.ActiveCfg = Debug|Any CPU
		{6057E77A-E625-41B2-B78D-C639AA3D8220}.Debug|Any CPU.Build.0 = Debug|Any CPU
		{6057E77A-E625-41B2-B78D-C639AA3D8220}.Release|Any CPU.ActiveCfg = Release|Any CPU
		{6057E77A-E625-41B2-B78D-C639AA3D8220}.Release|Any CPU.Build.0 = Release|Any CPU
		{B65DE50C-9555-42C9-8550-7D3BF071496B}.Debug|Any CPU.ActiveCfg = Debug|Any CPU
		{B65DE50C-9555-42C9-8550-7D3BF071496B}.Debug|Any CPU.Build.0 = Debug|Any CPU
		{B65DE50C-9555-42C9-8550-7D3BF071496B}.Release|Any CPU.ActiveCfg = Release|Any CPU
		{B65DE50C-9555-42C9-8550-7D3BF071496B}.Release|Any CPU.Build.0 = Release|Any CPU
		{446677C6-C422-42F6-8A5F-943D6F867EB8}.Debug|Any CPU.ActiveCfg = Debug|Any CPU
		{446677C6-C422-42F6-8A5F-943D6F867EB8}.Debug|Any CPU.Build.0 = Debug|Any CPU
		{446677C6-C422-42F6-8A5F-943D6F867EB8}.Release|Any CPU.ActiveCfg = Release|Any CPU
		{446677C6-C422-42F6-8A5F-943D6F867EB8}.Release|Any CPU.Build.0 = Release|Any CPU
		{62966E6F-6639-49CD-A7E0-B68DF2C2B034}.Debug|Any CPU.ActiveCfg = Debug|Any CPU
		{62966E6F-6639-49CD-A7E0-B68DF2C2B034}.Debug|Any CPU.Build.0 = Debug|Any CPU
		{62966E6F-6639-49CD-A7E0-B68DF2C2B034}.Release|Any CPU.ActiveCfg = Release|Any CPU
		{62966E6F-6639-49CD-A7E0-B68DF2C2B034}.Release|Any CPU.Build.0 = Release|Any CPU
		{5D38FE70-E90A-4D0F-A635-D25FB11D5189}.Debug|Any CPU.ActiveCfg = Debug|Any CPU
		{5D38FE70-E90A-4D0F-A635-D25FB11D5189}.Debug|Any CPU.Build.0 = Debug|Any CPU
		{5D38FE70-E90A-4D0F-A635-D25FB11D5189}.Release|Any CPU.ActiveCfg = Release|Any CPU
		{5D38FE70-E90A-4D0F-A635-D25FB11D5189}.Release|Any CPU.Build.0 = Release|Any CPU
		{5766B529-480B-455F-B499-38A5034129A9}.Debug|Any CPU.ActiveCfg = Debug|Any CPU
		{5766B529-480B-455F-B499-38A5034129A9}.Debug|Any CPU.Build.0 = Debug|Any CPU
		{5766B529-480B-455F-B499-38A5034129A9}.Release|Any CPU.ActiveCfg = Release|Any CPU
		{5766B529-480B-455F-B499-38A5034129A9}.Release|Any CPU.Build.0 = Release|Any CPU
		{DA8B1119-9DEC-491C-B929-AE692BBBDB45}.Debug|Any CPU.ActiveCfg = Debug|Any CPU
		{DA8B1119-9DEC-491C-B929-AE692BBBDB45}.Debug|Any CPU.Build.0 = Debug|Any CPU
		{DA8B1119-9DEC-491C-B929-AE692BBBDB45}.Release|Any CPU.ActiveCfg = Release|Any CPU
		{DA8B1119-9DEC-491C-B929-AE692BBBDB45}.Release|Any CPU.Build.0 = Release|Any CPU
		{62C269AD-646B-4C9D-A9B2-3DBAF8C499B4}.Debug|Any CPU.ActiveCfg = Debug|Any CPU
		{62C269AD-646B-4C9D-A9B2-3DBAF8C499B4}.Debug|Any CPU.Build.0 = Debug|Any CPU
		{62C269AD-646B-4C9D-A9B2-3DBAF8C499B4}.Release|Any CPU.ActiveCfg = Release|Any CPU
		{62C269AD-646B-4C9D-A9B2-3DBAF8C499B4}.Release|Any CPU.Build.0 = Release|Any CPU
		{715396F0-84B4-4410-94C2-74F5CEDB4EA3}.Debug|Any CPU.ActiveCfg = Debug|Any CPU
		{715396F0-84B4-4410-94C2-74F5CEDB4EA3}.Debug|Any CPU.Build.0 = Debug|Any CPU
		{715396F0-84B4-4410-94C2-74F5CEDB4EA3}.Release|Any CPU.ActiveCfg = Release|Any CPU
		{715396F0-84B4-4410-94C2-74F5CEDB4EA3}.Release|Any CPU.Build.0 = Release|Any CPU
		{25F3D9E1-B5BD-4A6F-AA55-41FBC55484D2}.Debug|Any CPU.ActiveCfg = Debug|Any CPU
		{25F3D9E1-B5BD-4A6F-AA55-41FBC55484D2}.Debug|Any CPU.Build.0 = Debug|Any CPU
		{25F3D9E1-B5BD-4A6F-AA55-41FBC55484D2}.Release|Any CPU.ActiveCfg = Release|Any CPU
		{25F3D9E1-B5BD-4A6F-AA55-41FBC55484D2}.Release|Any CPU.Build.0 = Release|Any CPU
		{89E9DC45-4DC1-4C64-8629-8617DC1021C8}.Debug|Any CPU.ActiveCfg = Debug|Any CPU
		{89E9DC45-4DC1-4C64-8629-8617DC1021C8}.Debug|Any CPU.Build.0 = Debug|Any CPU
		{89E9DC45-4DC1-4C64-8629-8617DC1021C8}.Release|Any CPU.ActiveCfg = Release|Any CPU
		{89E9DC45-4DC1-4C64-8629-8617DC1021C8}.Release|Any CPU.Build.0 = Release|Any CPU
		{5FD169E2-6655-45C5-BF0D-BF5A2592E008}.Debug|Any CPU.ActiveCfg = Debug|Any CPU
		{5FD169E2-6655-45C5-BF0D-BF5A2592E008}.Debug|Any CPU.Build.0 = Debug|Any CPU
		{5FD169E2-6655-45C5-BF0D-BF5A2592E008}.Release|Any CPU.ActiveCfg = Release|Any CPU
		{5FD169E2-6655-45C5-BF0D-BF5A2592E008}.Release|Any CPU.Build.0 = Release|Any CPU
	EndGlobalSection
	GlobalSection(SolutionProperties) = preSolution
		HideSolutionNode = FALSE
	EndGlobalSection
	GlobalSection(NestedProjects) = preSolution
		{57DFF6C0-B968-4A2D-B1D3-3DF387F219D7} = {FDE4EFD9-A6E3-435D-80AA-803AE4E612DE}
		{5F6B0A40-6D59-404B-BF03-ED53471E7D62} = {FDE4EFD9-A6E3-435D-80AA-803AE4E612DE}
		{1F51B6E9-C614-482C-9864-CB4FA4505D5F} = {FDE4EFD9-A6E3-435D-80AA-803AE4E612DE}
		{A539FE17-BCA4-4BCE-9876-E447C817BFAB} = {FDE4EFD9-A6E3-435D-80AA-803AE4E612DE}
		{22C2220D-99DC-4588-9766-6822BAAD3572} = {FDE4EFD9-A6E3-435D-80AA-803AE4E612DE}
		{7ED8C84E-6792-40C6-8031-C5875EB2E500} = {FDE4EFD9-A6E3-435D-80AA-803AE4E612DE}
		{6D2948AB-A316-466F-ADB0-FF33DC0710EB} = {FDE4EFD9-A6E3-435D-80AA-803AE4E612DE}
		{1F2FB444-FF11-4AF8-ACEF-7562DFCE60CE} = {344AD5FE-1B34-4585-B796-CDA9F7A40537}
		{4146785F-C621-4666-8BF7-B48E800317D9} = {344AD5FE-1B34-4585-B796-CDA9F7A40537}
		{17CAA7F9-C8E5-4597-B620-0A19A2D4E6A5} = {5D80C05C-765E-4B9A-9920-0B58336302CC}
		{D8AA70B4-F471-47C4-8264-A2E4B19B5C28} = {17CAA7F9-C8E5-4597-B620-0A19A2D4E6A5}
		{8FDE157F-6241-4712-84AA-F0DA9C721246} = {17CAA7F9-C8E5-4597-B620-0A19A2D4E6A5}
		{FB38E396-9C2B-41E8-95AE-4F6DC34A7E75} = {17CAA7F9-C8E5-4597-B620-0A19A2D4E6A5}
		{F08600C3-8B5C-4C00-A221-B11FA7711BDA} = {17CAA7F9-C8E5-4597-B620-0A19A2D4E6A5}
		{06207EB0-405F-4447-B6D4-20569D0873CA} = {17CAA7F9-C8E5-4597-B620-0A19A2D4E6A5}
		{57700BDD-87F1-4706-903C-E68F904F9E4D} = {FDE4EFD9-A6E3-435D-80AA-803AE4E612DE}
		{5EE32D88-B8C7-4110-BAE0-96F0D4A6430D} = {5D80C05C-765E-4B9A-9920-0B58336302CC}
		{EC51DBF9-34E0-42F1-BF20-6D676FD80644} = {5EE32D88-B8C7-4110-BAE0-96F0D4A6430D}
		{BF2BA12B-4AE4-4DE2-99B7-7B3F269C2D08} = {FDE4EFD9-A6E3-435D-80AA-803AE4E612DE}
		{81CE435C-E0DA-4CA1-AB8B-C24B291BFCDB} = {FDE4EFD9-A6E3-435D-80AA-803AE4E612DE}
		{3BDF2E68-928F-40F5-A107-11081A9ACD32} = {81CE435C-E0DA-4CA1-AB8B-C24B291BFCDB}
		{6057E77A-E625-41B2-B78D-C639AA3D8220} = {81CE435C-E0DA-4CA1-AB8B-C24B291BFCDB}
		{B65DE50C-9555-42C9-8550-7D3BF071496B} = {81CE435C-E0DA-4CA1-AB8B-C24B291BFCDB}
		{446677C6-C422-42F6-8A5F-943D6F867EB8} = {81CE435C-E0DA-4CA1-AB8B-C24B291BFCDB}
		{62966E6F-6639-49CD-A7E0-B68DF2C2B034} = {81CE435C-E0DA-4CA1-AB8B-C24B291BFCDB}
		{5D38FE70-E90A-4D0F-A635-D25FB11D5189} = {81CE435C-E0DA-4CA1-AB8B-C24B291BFCDB}
		{5766B529-480B-455F-B499-38A5034129A9} = {81CE435C-E0DA-4CA1-AB8B-C24B291BFCDB}
		{DA8B1119-9DEC-491C-B929-AE692BBBDB45} = {81CE435C-E0DA-4CA1-AB8B-C24B291BFCDB}
		{62C269AD-646B-4C9D-A9B2-3DBAF8C499B4} = {81CE435C-E0DA-4CA1-AB8B-C24B291BFCDB}
		{715396F0-84B4-4410-94C2-74F5CEDB4EA3} = {81CE435C-E0DA-4CA1-AB8B-C24B291BFCDB}
		{25F3D9E1-B5BD-4A6F-AA55-41FBC55484D2} = {81CE435C-E0DA-4CA1-AB8B-C24B291BFCDB}
		{89E9DC45-4DC1-4C64-8629-8617DC1021C8} = {81CE435C-E0DA-4CA1-AB8B-C24B291BFCDB}
		{5FD169E2-6655-45C5-BF0D-BF5A2592E008} = {81CE435C-E0DA-4CA1-AB8B-C24B291BFCDB}
	EndGlobalSection
	GlobalSection(ExtensibilityGlobals) = postSolution
		SolutionGuid = {DD4F94CF-B727-4790-8958-C9DD99FF5585}
	EndGlobalSection
EndGlobal
